
Microsoft Visual Studio Solution File, Format Version 12.00
# Visual Studio Version 16
VisualStudioVersion = 16.0.29306.81
MinimumVisualStudioVersion = 10.0.40219.1
Project("{FAE04EC0-301F-11D3-BF4B-00C04F79EFBC}") = "Zork", "Zork\Zork.csproj", "{91411BF7-FC98-4A1B-A134-21303C9DEAEF}"
EndProject
Global
	GlobalSection(SolutionConfigurationPlatforms) = preSolution
		Debug|Any CPU = Debug|Any CPU
		Release|Any CPU = Release|Any CPU
	EndGlobalSection
	GlobalSection(ProjectConfigurationPlatforms) = postSolution
		{91411BF7-FC98-4A1B-A134-21303C9DEAEF}.Debug|Any CPU.ActiveCfg = Debug|Any CPU
		{91411BF7-FC98-4A1B-A134-21303C9DEAEF}.Debug|Any CPU.Build.0 = Debug|Any CPU
		{91411BF7-FC98-4A1B-A134-21303C9DEAEF}.Release|Any CPU.ActiveCfg = Release|Any CPU
		{91411BF7-FC98-4A1B-A134-21303C9DEAEF}.Release|Any CPU.Build.0 = Release|Any CPU
	EndGlobalSection
	GlobalSection(SolutionProperties) = preSolution
		HideSolutionNode = FALSE
	EndGlobalSection
	GlobalSection(ExtensibilityGlobals) = postSolution
		SolutionGuid = {A1313F8D-4ADF-4D2A-8CAE-9AE9B41FCF9B}
	EndGlobalSection
EndGlobal
